
Microsoft Visual Studio Solution File, Format Version 12.00
# Visual Studio 2013
VisualStudioVersion = 12.0.20827.3
MinimumVisualStudioVersion = 10.0.40219.1
Project("{FAE04EC0-301F-11D3-BF4B-00C04F79EFBC}") = "SocialNetwork.WebUI", "SocialNetwork.WebUI\SocialNetwork.WebUI.csproj", "{5BF42F40-A43F-4018-8B58-9C2210B168AB}"
EndProject
Project("{FAE04EC0-301F-11D3-BF4B-00C04F79EFBC}") = "SocialNetwork.BussinessLogic", "..\..\..\Visual Studio 2012\Projects\ConsoleApplication3\SocialNetwork.BussinessLogic\SocialNetwork.BussinessLogic.csproj", "{CD4B40BB-F6DC-4287-8B1E-A0632594F056}"
EndProject
Project("{FAE04EC0-301F-11D3-BF4B-00C04F79EFBC}") = "SocialNetwork.DataLayer", "..\..\..\Visual Studio 2012\Projects\ConsoleApplication3\SocialNetwork.DataLayer\SocialNetwork.DataLayer.csproj", "{7487B698-06E0-4057-9043-25276F5BFD2B}"
EndProject
Project("{FAE04EC0-301F-11D3-BF4B-00C04F79EFBC}") = "SocialNetwork.Entities", "..\..\..\Visual Studio 2012\Projects\ConsoleApplication3\SocialNetwork.Entities\SocialNetwork.Entities.csproj", "{24547EE8-1AB4-4051-9C2A-A664A86ED9EE}"
EndProject
Global
	GlobalSection(SolutionConfigurationPlatforms) = preSolution
		Debug|Any CPU = Debug|Any CPU
		Release|Any CPU = Release|Any CPU
	EndGlobalSection
	GlobalSection(ProjectConfigurationPlatforms) = postSolution
		{5BF42F40-A43F-4018-8B58-9C2210B168AB}.Debug|Any CPU.ActiveCfg = Debug|Any CPU
		{5BF42F40-A43F-4018-8B58-9C2210B168AB}.Debug|Any CPU.Build.0 = Debug|Any CPU
		{5BF42F40-A43F-4018-8B58-9C2210B168AB}.Release|Any CPU.ActiveCfg = Release|Any CPU
		{5BF42F40-A43F-4018-8B58-9C2210B168AB}.Release|Any CPU.Build.0 = Release|Any CPU
		{CD4B40BB-F6DC-4287-8B1E-A0632594F056}.Debug|Any CPU.ActiveCfg = Debug|Any CPU
		{CD4B40BB-F6DC-4287-8B1E-A0632594F056}.Debug|Any CPU.Build.0 = Debug|Any CPU
		{CD4B40BB-F6DC-4287-8B1E-A0632594F056}.Release|Any CPU.ActiveCfg = Release|Any CPU
		{CD4B40BB-F6DC-4287-8B1E-A0632594F056}.Release|Any CPU.Build.0 = Release|Any CPU
		{7487B698-06E0-4057-9043-25276F5BFD2B}.Debug|Any CPU.ActiveCfg = Debug|Any CPU
		{7487B698-06E0-4057-9043-25276F5BFD2B}.Debug|Any CPU.Build.0 = Debug|Any CPU
		{7487B698-06E0-4057-9043-25276F5BFD2B}.Release|Any CPU.ActiveCfg = Release|Any CPU
		{7487B698-06E0-4057-9043-25276F5BFD2B}.Release|Any CPU.Build.0 = Release|Any CPU
		{24547EE8-1AB4-4051-9C2A-A664A86ED9EE}.Debug|Any CPU.ActiveCfg = Debug|Any CPU
		{24547EE8-1AB4-4051-9C2A-A664A86ED9EE}.Debug|Any CPU.Build.0 = Debug|Any CPU
		{24547EE8-1AB4-4051-9C2A-A664A86ED9EE}.Release|Any CPU.ActiveCfg = Release|Any CPU
		{24547EE8-1AB4-4051-9C2A-A664A86ED9EE}.Release|Any CPU.Build.0 = Release|Any CPU
	EndGlobalSection
	GlobalSection(SolutionProperties) = preSolution
		HideSolutionNode = FALSE
	EndGlobalSection
EndGlobal
